// !$*UTF8*$!
{
	archiveVersion = 1;
	classes = {
	};
	objectVersion = 46;
	objects = {

/* Begin PBXBuildFile section */
		303A89711D8505E2002D8B07 /* main.m in Sources */ = {isa = PBXBuildFile; fileRef = 303A89701D8505E2002D8B07 /* main.m */; };
		303A89741D8505E2002D8B07 /* AppDelegate.m in Sources */ = {isa = PBXBuildFile; fileRef = 303A89731D8505E2002D8B07 /* AppDelegate.m */; };
		303A897A1D8505E2002D8B07 /* Main.storyboard in Resources */ = {isa = PBXBuildFile; fileRef = 303A89781D8505E2002D8B07 /* Main.storyboard */; };
		303A897C1D8505E2002D8B07 /* Assets.xcassets in Resources */ = {isa = PBXBuildFile; fileRef = 303A897B1D8505E2002D8B07 /* Assets.xcassets */; };
		303A897F1D8505E2002D8B07 /* LaunchScreen.storyboard in Resources */ = {isa = PBXBuildFile; fileRef = 303A897D1D8505E2002D8B07 /* LaunchScreen.storyboard */; };
		303A898A1D8505E2002D8B07 /* ReactiveCocoaReqeustDemoTests.m in Sources */ = {isa = PBXBuildFile; fileRef = 303A89891D8505E2002D8B07 /* ReactiveCocoaReqeustDemoTests.m */; };
		303A89951D8505E2002D8B07 /* ReactiveCocoaReqeustDemoUITests.m in Sources */ = {isa = PBXBuildFile; fileRef = 303A89941D8505E2002D8B07 /* ReactiveCocoaReqeustDemoUITests.m */; };
		303A89AD1D8507F2002D8B07 /* HomeViewController.m in Sources */ = {isa = PBXBuildFile; fileRef = 303A89AA1D8507F2002D8B07 /* HomeViewController.m */; };
		303A89B01D850836002D8B07 /* HomeViewModel.m in Sources */ = {isa = PBXBuildFile; fileRef = 303A89AF1D850836002D8B07 /* HomeViewModel.m */; };
		303A89C11D850E0E002D8B07 /* MBProgressHUD+XMG.m in Sources */ = {isa = PBXBuildFile; fileRef = 303A89BD1D850E0E002D8B07 /* MBProgressHUD+XMG.m */; };
		303A89C21D850E0E002D8B07 /* MBProgressHUD.bundle in Resources */ = {isa = PBXBuildFile; fileRef = 303A89BE1D850E0E002D8B07 /* MBProgressHUD.bundle */; };
		303A89C31D850E0E002D8B07 /* MBProgressHUD.m in Sources */ = {isa = PBXBuildFile; fileRef = 303A89C01D850E0E002D8B07 /* MBProgressHUD.m */; };
		303A89C61D850F82002D8B07 /* BookModel.m in Sources */ = {isa = PBXBuildFile; fileRef = 303A89C51D850F82002D8B07 /* BookModel.m */; };
		303A89C91D851367002D8B07 /* HomeMainView.m in Sources */ = {isa = PBXBuildFile; fileRef = 303A89C81D851367002D8B07 /* HomeMainView.m */; };
		303A89CD1D8525DE002D8B07 /* BookTableViewCell.m in Sources */ = {isa = PBXBuildFile; fileRef = 303A89CB1D8525DE002D8B07 /* BookTableViewCell.m */; };
		303A89CE1D8525DE002D8B07 /* BookTableViewCell.xib in Resources */ = {isa = PBXBuildFile; fileRef = 303A89CC1D8525DE002D8B07 /* BookTableViewCell.xib */; };
		5A50775DECCA5136B6CE994F /* Pods.framework in Frameworks */ = {isa = PBXBuildFile; fileRef = 45D16C6B28C5332BD3F8CBBB /* Pods.framework */; };
/* End PBXBuildFile section */

/* Begin PBXContainerItemProxy section */
		303A89861D8505E2002D8B07 /* PBXContainerItemProxy */ = {
			isa = PBXContainerItemProxy;
			containerPortal = 303A89641D8505E2002D8B07 /* Project object */;
			proxyType = 1;
			remoteGlobalIDString = 303A896B1D8505E2002D8B07;
			remoteInfo = ReactiveCocoaReqeustDemo;
		};
		303A89911D8505E2002D8B07 /* PBXContainerItemProxy */ = {
			isa = PBXContainerItemProxy;
			containerPortal = 303A89641D8505E2002D8B07 /* Project object */;
			proxyType = 1;
			remoteGlobalIDString = 303A896B1D8505E2002D8B07;
			remoteInfo = ReactiveCocoaReqeustDemo;
		};
/* End PBXContainerItemProxy section */

/* Begin PBXFileReference section */
		303A896C1D8505E2002D8B07 /* ReactiveCocoaReqeustDemo.app */ = {isa = PBXFileReference; explicitFileType = wrapper.application; includeInIndex = 0; path = ReactiveCocoaReqeustDemo.app; sourceTree = BUILT_PRODUCTS_DIR; };
		303A89701D8505E2002D8B07 /* main.m */ = {isa = PBXFileReference; lastKnownFileType = sourcecode.c.objc; path = main.m; sourceTree = "<group>"; };
		303A89721D8505E2002D8B07 /* AppDelegate.h */ = {isa = PBXFileReference; lastKnownFileType = sourcecode.c.h; path = AppDelegate.h; sourceTree = "<group>"; };
		303A89731D8505E2002D8B07 /* AppDelegate.m */ = {isa = PBXFileReference; lastKnownFileType = sourcecode.c.objc; path = AppDelegate.m; sourceTree = "<group>"; };
		303A89791D8505E2002D8B07 /* Base */ = {isa = PBXFileReference; lastKnownFileType = file.storyboard; name = Base; path = Base.lproj/Main.storyboard; sourceTree = "<group>"; };
		303A897B1D8505E2002D8B07 /* Assets.xcassets */ = {isa = PBXFileReference; lastKnownFileType = folder.assetcatalog; path = Assets.xcassets; sourceTree = "<group>"; };
		303A897E1D8505E2002D8B07 /* Base */ = {isa = PBXFileReference; lastKnownFileType = file.storyboard; name = Base; path = Base.lproj/LaunchScreen.storyboard; sourceTree = "<group>"; };
		303A89801D8505E2002D8B07 /* Info.plist */ = {isa = PBXFileReference; lastKnownFileType = text.plist.xml; path = Info.plist; sourceTree = "<group>"; };
		303A89851D8505E2002D8B07 /* ReactiveCocoaReqeustDemoTests.xctest */ = {isa = PBXFileReference; explicitFileType = wrapper.cfbundle; includeInIndex = 0; path = ReactiveCocoaReqeustDemoTests.xctest; sourceTree = BUILT_PRODUCTS_DIR; };
		303A89891D8505E2002D8B07 /* ReactiveCocoaReqeustDemoTests.m */ = {isa = PBXFileReference; lastKnownFileType = sourcecode.c.objc; path = ReactiveCocoaReqeustDemoTests.m; sourceTree = "<group>"; };
		303A898B1D8505E2002D8B07 /* Info.plist */ = {isa = PBXFileReference; lastKnownFileType = text.plist.xml; path = Info.plist; sourceTree = "<group>"; };
		303A89901D8505E2002D8B07 /* ReactiveCocoaReqeustDemoUITests.xctest */ = {isa = PBXFileReference; explicitFileType = wrapper.cfbundle; includeInIndex = 0; path = ReactiveCocoaReqeustDemoUITests.xctest; sourceTree = BUILT_PRODUCTS_DIR; };
		303A89941D8505E2002D8B07 /* ReactiveCocoaReqeustDemoUITests.m */ = {isa = PBXFileReference; lastKnownFileType = sourcecode.c.objc; path = ReactiveCocoaReqeustDemoUITests.m; sourceTree = "<group>"; };
		303A89961D8505E2002D8B07 /* Info.plist */ = {isa = PBXFileReference; lastKnownFileType = text.plist.xml; path = Info.plist; sourceTree = "<group>"; };
		303A89A41D8507F2002D8B07 /* GlobleHeader.h */ = {isa = PBXFileReference; fileEncoding = 4; lastKnownFileType = sourcecode.c.h; path = GlobleHeader.h; sourceTree = "<group>"; };
		303A89A91D8507F2002D8B07 /* HomeViewController.h */ = {isa = PBXFileReference; fileEncoding = 4; lastKnownFileType = sourcecode.c.h; path = HomeViewController.h; sourceTree = "<group>"; };
		303A89AA1D8507F2002D8B07 /* HomeViewController.m */ = {isa = PBXFileReference; fileEncoding = 4; lastKnownFileType = sourcecode.c.objc; path = HomeViewController.m; sourceTree = "<group>"; };
		303A89AE1D850836002D8B07 /* HomeViewModel.h */ = {isa = PBXFileReference; fileEncoding = 4; lastKnownFileType = sourcecode.c.h; path = HomeViewModel.h; sourceTree = "<group>"; };
		303A89AF1D850836002D8B07 /* HomeViewModel.m */ = {isa = PBXFileReference; fileEncoding = 4; lastKnownFileType = sourcecode.c.objc; path = HomeViewModel.m; sourceTree = "<group>"; };
		303A89BC1D850E0E002D8B07 /* MBProgressHUD+XMG.h */ = {isa = PBXFileReference; fileEncoding = 4; lastKnownFileType = sourcecode.c.h; path = "MBProgressHUD+XMG.h"; sourceTree = "<group>"; };
		303A89BD1D850E0E002D8B07 /* MBProgressHUD+XMG.m */ = {isa = PBXFileReference; fileEncoding = 4; lastKnownFileType = sourcecode.c.objc; path = "MBProgressHUD+XMG.m"; sourceTree = "<group>"; };
		303A89BE1D850E0E002D8B07 /* MBProgressHUD.bundle */ = {isa = PBXFileReference; lastKnownFileType = "wrapper.plug-in"; path = MBProgressHUD.bundle; sourceTree = "<group>"; };
		303A89BF1D850E0E002D8B07 /* MBProgressHUD.h */ = {isa = PBXFileReference; fileEncoding = 4; lastKnownFileType = sourcecode.c.h; path = MBProgressHUD.h; sourceTree = "<group>"; };
		303A89C01D850E0E002D8B07 /* MBProgressHUD.m */ = {isa = PBXFileReference; fileEncoding = 4; lastKnownFileType = sourcecode.c.objc; path = MBProgressHUD.m; sourceTree = "<group>"; };
		303A89C41D850F82002D8B07 /* BookModel.h */ = {isa = PBXFileReference; fileEncoding = 4; lastKnownFileType = sourcecode.c.h; path = BookModel.h; sourceTree = "<group>"; };
		303A89C51D850F82002D8B07 /* BookModel.m */ = {isa = PBXFileReference; fileEncoding = 4; lastKnownFileType = sourcecode.c.objc; path = BookModel.m; sourceTree = "<group>"; };
		303A89C71D851367002D8B07 /* HomeMainView.h */ = {isa = PBXFileReference; fileEncoding = 4; lastKnownFileType = sourcecode.c.h; path = HomeMainView.h; sourceTree = "<group>"; };
		303A89C81D851367002D8B07 /* HomeMainView.m */ = {isa = PBXFileReference; fileEncoding = 4; lastKnownFileType = sourcecode.c.objc; path = HomeMainView.m; sourceTree = "<group>"; };
		303A89CA1D8525DE002D8B07 /* BookTableViewCell.h */ = {isa = PBXFileReference; fileEncoding = 4; lastKnownFileType = sourcecode.c.h; path = BookTableViewCell.h; sourceTree = "<group>"; };
		303A89CB1D8525DE002D8B07 /* BookTableViewCell.m */ = {isa = PBXFileReference; fileEncoding = 4; lastKnownFileType = sourcecode.c.objc; path = BookTableViewCell.m; sourceTree = "<group>"; };
		303A89CC1D8525DE002D8B07 /* BookTableViewCell.xib */ = {isa = PBXFileReference; fileEncoding = 4; lastKnownFileType = file.xib; path = BookTableViewCell.xib; sourceTree = "<group>"; };
		45D16C6B28C5332BD3F8CBBB /* Pods.framework */ = {isa = PBXFileReference; explicitFileType = wrapper.framework; includeInIndex = 0; path = Pods.framework; sourceTree = BUILT_PRODUCTS_DIR; };
		AD80636991F64E9E9FB3A6C7 /* Pods.release.xcconfig */ = {isa = PBXFileReference; includeInIndex = 1; lastKnownFileType = text.xcconfig; name = Pods.release.xcconfig; path = "Pods/Target Support Files/Pods/Pods.release.xcconfig"; sourceTree = "<group>"; };
		B9A2541DC155DCEB7440BA8A /* Pods.debug.xcconfig */ = {isa = PBXFileReference; includeInIndex = 1; lastKnownFileType = text.xcconfig; name = Pods.debug.xcconfig; path = "Pods/Target Support Files/Pods/Pods.debug.xcconfig"; sourceTree = "<group>"; };
/* End PBXFileReference section */

/* Begin PBXFrameworksBuildPhase section */
		303A89691D8505E2002D8B07 /* Frameworks */ = {
			isa = PBXFrameworksBuildPhase;
			buildActionMask = 2147483647;
			files = (
				5A50775DECCA5136B6CE994F /* Pods.framework in Frameworks */,
			);
			runOnlyForDeploymentPostprocessing = 0;
		};
		303A89821D8505E2002D8B07 /* Frameworks */ = {
			isa = PBXFrameworksBuildPhase;
			buildActionMask = 2147483647;
			files = (
			);
			runOnlyForDeploymentPostprocessing = 0;
		};
		303A898D1D8505E2002D8B07 /* Frameworks */ = {
			isa = PBXFrameworksBuildPhase;
			buildActionMask = 2147483647;
			files = (
			);
			runOnlyForDeploymentPostprocessing = 0;
		};
/* End PBXFrameworksBuildPhase section */

/* Begin PBXGroup section */
		2A8BD416F99BB48C50BF3BE2 /* Pods */ = {
			isa = PBXGroup;
			children = (
				B9A2541DC155DCEB7440BA8A /* Pods.debug.xcconfig */,
				AD80636991F64E9E9FB3A6C7 /* Pods.release.xcconfig */,
			);
			name = Pods;
			sourceTree = "<group>";
		};
		303A89631D8505E2002D8B07 = {
			isa = PBXGroup;
			children = (
				303A896E1D8505E2002D8B07 /* ReactiveCocoaReqeustDemo */,
				303A89881D8505E2002D8B07 /* ReactiveCocoaReqeustDemoTests */,
				303A89931D8505E2002D8B07 /* ReactiveCocoaReqeustDemoUITests */,
				303A896D1D8505E2002D8B07 /* Products */,
				2A8BD416F99BB48C50BF3BE2 /* Pods */,
				936EB354D5B642F7AFE25C29 /* Frameworks */,
			);
			sourceTree = "<group>";
		};
		303A896D1D8505E2002D8B07 /* Products */ = {
			isa = PBXGroup;
			children = (
				303A896C1D8505E2002D8B07 /* ReactiveCocoaReqeustDemo.app */,
				303A89851D8505E2002D8B07 /* ReactiveCocoaReqeustDemoTests.xctest */,
				303A89901D8505E2002D8B07 /* ReactiveCocoaReqeustDemoUITests.xctest */,
			);
			name = Products;
			sourceTree = "<group>";
		};
		303A896E1D8505E2002D8B07 /* ReactiveCocoaReqeustDemo */ = {
			isa = PBXGroup;
			children = (
				303A89BA1D850E0E002D8B07 /* Lib */,
				303A89A31D8507F2002D8B07 /* Common */,
				303A89A51D8507F2002D8B07 /* Home */,
				303A89721D8505E2002D8B07 /* AppDelegate.h */,
				303A89731D8505E2002D8B07 /* AppDelegate.m */,
				303A89781D8505E2002D8B07 /* Main.storyboard */,
				303A897B1D8505E2002D8B07 /* Assets.xcassets */,
				303A897D1D8505E2002D8B07 /* LaunchScreen.storyboard */,
				303A89801D8505E2002D8B07 /* Info.plist */,
				303A896F1D8505E2002D8B07 /* Supporting Files */,
			);
			path = ReactiveCocoaReqeustDemo;
			sourceTree = "<group>";
		};
		303A896F1D8505E2002D8B07 /* Supporting Files */ = {
			isa = PBXGroup;
			children = (
				303A89701D8505E2002D8B07 /* main.m */,
			);
			name = "Supporting Files";
			sourceTree = "<group>";
		};
		303A89881D8505E2002D8B07 /* ReactiveCocoaReqeustDemoTests */ = {
			isa = PBXGroup;
			children = (
				303A89891D8505E2002D8B07 /* ReactiveCocoaReqeustDemoTests.m */,
				303A898B1D8505E2002D8B07 /* Info.plist */,
			);
			path = ReactiveCocoaReqeustDemoTests;
			sourceTree = "<group>";
		};
		303A89931D8505E2002D8B07 /* ReactiveCocoaReqeustDemoUITests */ = {
			isa = PBXGroup;
			children = (
				303A89941D8505E2002D8B07 /* ReactiveCocoaReqeustDemoUITests.m */,
				303A89961D8505E2002D8B07 /* Info.plist */,
			);
			path = ReactiveCocoaReqeustDemoUITests;
			sourceTree = "<group>";
		};
		303A89A31D8507F2002D8B07 /* Common */ = {
			isa = PBXGroup;
			children = (
				303A89A41D8507F2002D8B07 /* GlobleHeader.h */,
			);
			path = Common;
			sourceTree = "<group>";
		};
		303A89A51D8507F2002D8B07 /* Home */ = {
			isa = PBXGroup;
			children = (
				303A89A61D8507F2002D8B07 /* Model */,
				303A89A71D8507F2002D8B07 /* View */,
				303A89AC1D8507F2002D8B07 /* VM */,
			);
			path = Home;
			sourceTree = "<group>";
		};
		303A89A61D8507F2002D8B07 /* Model */ = {
			isa = PBXGroup;
			children = (
				303A89C41D850F82002D8B07 /* BookModel.h */,
				303A89C51D850F82002D8B07 /* BookModel.m */,
			);
			path = Model;
			sourceTree = "<group>";
		};
		303A89A71D8507F2002D8B07 /* View */ = {
			isa = PBXGroup;
			children = (
				303A89A81D8507F2002D8B07 /* Controller */,
				303A89AB1D8507F2002D8B07 /* views */,
			);
			path = View;
			sourceTree = "<group>";
		};
		303A89A81D8507F2002D8B07 /* Controller */ = {
			isa = PBXGroup;
			children = (
				303A89A91D8507F2002D8B07 /* HomeViewController.h */,
				303A89AA1D8507F2002D8B07 /* HomeViewController.m */,
			);
			path = Controller;
			sourceTree = "<group>";
		};
		303A89AB1D8507F2002D8B07 /* views */ = {
			isa = PBXGroup;
			children = (
				303A89C71D851367002D8B07 /* HomeMainView.h */,
				303A89C81D851367002D8B07 /* HomeMainView.m */,
				303A89CA1D8525DE002D8B07 /* BookTableViewCell.h */,
				303A89CB1D8525DE002D8B07 /* BookTableViewCell.m */,
				303A89CC1D8525DE002D8B07 /* BookTableViewCell.xib */,
			);
			path = views;
			sourceTree = "<group>";
		};
		303A89AC1D8507F2002D8B07 /* VM */ = {
			isa = PBXGroup;
			children = (
				303A89AE1D850836002D8B07 /* HomeViewModel.h */,
				303A89AF1D850836002D8B07 /* HomeViewModel.m */,
			);
			path = VM;
			sourceTree = "<group>";
		};
		303A89BA1D850E0E002D8B07 /* Lib */ = {
			isa = PBXGroup;
			children = (
				303A89BB1D850E0E002D8B07 /* MBProgressHUD */,
			);
			path = Lib;
			sourceTree = "<group>";
		};
		303A89BB1D850E0E002D8B07 /* MBProgressHUD */ = {
			isa = PBXGroup;
			children = (
				303A89BC1D850E0E002D8B07 /* MBProgressHUD+XMG.h */,
				303A89BD1D850E0E002D8B07 /* MBProgressHUD+XMG.m */,
				303A89BE1D850E0E002D8B07 /* MBProgressHUD.bundle */,
				303A89BF1D850E0E002D8B07 /* MBProgressHUD.h */,
				303A89C01D850E0E002D8B07 /* MBProgressHUD.m */,
			);
			path = MBProgressHUD;
			sourceTree = "<group>";
		};
		936EB354D5B642F7AFE25C29 /* Frameworks */ = {
			isa = PBXGroup;
			children = (
				45D16C6B28C5332BD3F8CBBB /* Pods.framework */,
			);
			name = Frameworks;
			sourceTree = "<group>";
		};
/* End PBXGroup section */

/* Begin PBXNativeTarget section */
		303A896B1D8505E2002D8B07 /* ReactiveCocoaReqeustDemo */ = {
			isa = PBXNativeTarget;
			buildConfigurationList = 303A89991D8505E2002D8B07 /* Build configuration list for PBXNativeTarget "ReactiveCocoaReqeustDemo" */;
			buildPhases = (
				46A001B9497A2E810DCAA329 /* Check Pods Manifest.lock */,
				303A89681D8505E2002D8B07 /* Sources */,
				303A89691D8505E2002D8B07 /* Frameworks */,
				303A896A1D8505E2002D8B07 /* Resources */,
				725D2F9C3C707BC186F4B8E9 /* Embed Pods Frameworks */,
				C6E41CD62352861A03DD7703 /* Copy Pods Resources */,
			);
			buildRules = (
			);
			dependencies = (
			);
			name = ReactiveCocoaReqeustDemo;
			productName = ReactiveCocoaReqeustDemo;
			productReference = 303A896C1D8505E2002D8B07 /* ReactiveCocoaReqeustDemo.app */;
			productType = "com.apple.product-type.application";
		};
		303A89841D8505E2002D8B07 /* ReactiveCocoaReqeustDemoTests */ = {
			isa = PBXNativeTarget;
			buildConfigurationList = 303A899C1D8505E2002D8B07 /* Build configuration list for PBXNativeTarget "ReactiveCocoaReqeustDemoTests" */;
			buildPhases = (
				303A89811D8505E2002D8B07 /* Sources */,
				303A89821D8505E2002D8B07 /* Frameworks */,
				303A89831D8505E2002D8B07 /* Resources */,
			);
			buildRules = (
			);
			dependencies = (
				303A89871D8505E2002D8B07 /* PBXTargetDependency */,
			);
			name = ReactiveCocoaReqeustDemoTests;
			productName = ReactiveCocoaReqeustDemoTests;
			productReference = 303A89851D8505E2002D8B07 /* ReactiveCocoaReqeustDemoTests.xctest */;
			productType = "com.apple.product-type.bundle.unit-test";
		};
		303A898F1D8505E2002D8B07 /* ReactiveCocoaReqeustDemoUITests */ = {
			isa = PBXNativeTarget;
			buildConfigurationList = 303A899F1D8505E2002D8B07 /* Build configuration list for PBXNativeTarget "ReactiveCocoaReqeustDemoUITests" */;
			buildPhases = (
				303A898C1D8505E2002D8B07 /* Sources */,
				303A898D1D8505E2002D8B07 /* Frameworks */,
				303A898E1D8505E2002D8B07 /* Resources */,
			);
			buildRules = (
			);
			dependencies = (
				303A89921D8505E2002D8B07 /* PBXTargetDependency */,
			);
			name = ReactiveCocoaReqeustDemoUITests;
			productName = ReactiveCocoaReqeustDemoUITests;
			productReference = 303A89901D8505E2002D8B07 /* ReactiveCocoaReqeustDemoUITests.xctest */;
			productType = "com.apple.product-type.bundle.ui-testing";
		};
/* End PBXNativeTarget section */

/* Begin PBXProject section */
		303A89641D8505E2002D8B07 /* Project object */ = {
			isa = PBXProject;
			attributes = {
				LastUpgradeCheck = 0730;
				ORGANIZATIONNAME = kopuCoder;
				TargetAttributes = {
					303A896B1D8505E2002D8B07 = {
						CreatedOnToolsVersion = 7.3.1;
					};
					303A89841D8505E2002D8B07 = {
						CreatedOnToolsVersion = 7.3.1;
						TestTargetID = 303A896B1D8505E2002D8B07;
					};
					303A898F1D8505E2002D8B07 = {
						CreatedOnToolsVersion = 7.3.1;
						TestTargetID = 303A896B1D8505E2002D8B07;
					};
				};
			};
			buildConfigurationList = 303A89671D8505E2002D8B07 /* Build configuration list for PBXProject "ReactiveCocoaReqeustDemo" */;
			compatibilityVersion = "Xcode 3.2";
			developmentRegion = English;
			hasScannedForEncodings = 0;
			knownRegions = (
				en,
				Base,
			);
			mainGroup = 303A89631D8505E2002D8B07;
			productRefGroup = 303A896D1D8505E2002D8B07 /* Products */;
			projectDirPath = "";
			projectRoot = "";
			targets = (
				303A896B1D8505E2002D8B07 /* ReactiveCocoaReqeustDemo */,
				303A89841D8505E2002D8B07 /* ReactiveCocoaReqeustDemoTests */,
				303A898F1D8505E2002D8B07 /* ReactiveCocoaReqeustDemoUITests */,
			);
		};
/* End PBXProject section */

/* Begin PBXResourcesBuildPhase section */
		303A896A1D8505E2002D8B07 /* Resources */ = {
			isa = PBXResourcesBuildPhase;
			buildActionMask = 2147483647;
			files = (
				303A897F1D8505E2002D8B07 /* LaunchScreen.storyboard in Resources */,
				303A89C21D850E0E002D8B07 /* MBProgressHUD.bundle in Resources */,
				303A897C1D8505E2002D8B07 /* Assets.xcassets in Resources */,
				303A897A1D8505E2002D8B07 /* Main.storyboard in Resources */,
				303A89CE1D8525DE002D8B07 /* BookTableViewCell.xib in Resources */,
			);
			runOnlyForDeploymentPostprocessing = 0;
		};
		303A89831D8505E2002D8B07 /* Resources */ = {
			isa = PBXResourcesBuildPhase;
			buildActionMask = 2147483647;
			files = (
			);
			runOnlyForDeploymentPostprocessing = 0;
		};
		303A898E1D8505E2002D8B07 /* Resources */ = {
			isa = PBXResourcesBuildPhase;
			buildActionMask = 2147483647;
			files = (
			);
			runOnlyForDeploymentPostprocessing = 0;
		};
/* End PBXResourcesBuildPhase section */

/* Begin PBXShellScriptBuildPhase section */
		46A001B9497A2E810DCAA329 /* Check Pods Manifest.lock */ = {
			isa = PBXShellScriptBuildPhase;
			buildActionMask = 2147483647;
			files = (
			);
			inputPaths = (
			);
			name = "Check Pods Manifest.lock";
			outputPaths = (
			);
			runOnlyForDeploymentPostprocessing = 0;
			shellPath = /bin/sh;
			shellScript = "diff \"${PODS_ROOT}/../Podfile.lock\" \"${PODS_ROOT}/Manifest.lock\" > /dev/null\nif [[ $? != 0 ]] ; then\n    cat << EOM\nerror: The sandbox is not in sync with the Podfile.lock. Run 'pod install' or update your CocoaPods installation.\nEOM\n    exit 1\nfi\n";
			showEnvVarsInLog = 0;
		};
		725D2F9C3C707BC186F4B8E9 /* Embed Pods Frameworks */ = {
			isa = PBXShellScriptBuildPhase;
			buildActionMask = 2147483647;
			files = (
			);
			inputPaths = (
			);
			name = "Embed Pods Frameworks";
			outputPaths = (
			);
			runOnlyForDeploymentPostprocessing = 0;
			shellPath = /bin/sh;
			shellScript = "\"${SRCROOT}/Pods/Target Support Files/Pods/Pods-frameworks.sh\"\n";
			showEnvVarsInLog = 0;
		};
		C6E41CD62352861A03DD7703 /* Copy Pods Resources */ = {
			isa = PBXShellScriptBuildPhase;
			buildActionMask = 2147483647;
			files = (
			);
			inputPaths = (
			);
			name = "Copy Pods Resources";
			outputPaths = (
			);
			runOnlyForDeploymentPostprocessing = 0;
			shellPath = /bin/sh;
			shellScript = "\"${SRCROOT}/Pods/Target Support Files/Pods/Pods-resources.sh\"\n";
			showEnvVarsInLog = 0;
		};
/* End PBXShellScriptBuildPhase section */

/* Begin PBXSourcesBuildPhase section */
		303A89681D8505E2002D8B07 /* Sources */ = {
			isa = PBXSourcesBuildPhase;
			buildActionMask = 2147483647;
			files = (
				303A89C11D850E0E002D8B07 /* MBProgressHUD+XMG.m in Sources */,
				303A89C61D850F82002D8B07 /* BookModel.m in Sources */,
				303A89C91D851367002D8B07 /* HomeMainView.m in Sources */,
				303A89741D8505E2002D8B07 /* AppDelegate.m in Sources */,
				303A89711D8505E2002D8B07 /* main.m in Sources */,
				303A89AD1D8507F2002D8B07 /* HomeViewController.m in Sources */,
				303A89B01D850836002D8B07 /* HomeViewModel.m in Sources */,
				303A89CD1D8525DE002D8B07 /* BookTableViewCell.m in Sources */,
				303A89C31D850E0E002D8B07 /* MBProgressHUD.m in Sources */,
			);
			runOnlyForDeploymentPostprocessing = 0;
		};
		303A89811D8505E2002D8B07 /* Sources */ = {
			isa = PBXSourcesBuildPhase;
			buildActionMask = 2147483647;
			files = (
				303A898A1D8505E2002D8B07 /* ReactiveCocoaReqeustDemoTests.m in Sources */,
			);
			runOnlyForDeploymentPostprocessing = 0;
		};
		303A898C1D8505E2002D8B07 /* Sources */ = {
			isa = PBXSourcesBuildPhase;
			buildActionMask = 2147483647;
			files = (
				303A89951D8505E2002D8B07 /* ReactiveCocoaReqeustDemoUITests.m in Sources */,
			);
			runOnlyForDeploymentPostprocessing = 0;
		};
/* End PBXSourcesBuildPhase section */

/* Begin PBXTargetDependency section */
		303A89871D8505E2002D8B07 /* PBXTargetDependency */ = {
			isa = PBXTargetDependency;
			target = 303A896B1D8505E2002D8B07 /* ReactiveCocoaReqeustDemo */;
			targetProxy = 303A89861D8505E2002D8B07 /* PBXContainerItemProxy */;
		};
		303A89921D8505E2002D8B07 /* PBXTargetDependency */ = {
			isa = PBXTargetDependency;
			target = 303A896B1D8505E2002D8B07 /* ReactiveCocoaReqeustDemo */;
			targetProxy = 303A89911D8505E2002D8B07 /* PBXContainerItemProxy */;
		};
/* End PBXTargetDependency section */

/* Begin PBXVariantGroup section */
		303A89781D8505E2002D8B07 /* Main.storyboard */ = {
			isa = PBXVariantGroup;
			children = (
				303A89791D8505E2002D8B07 /* Base */,
			);
			name = Main.storyboard;
			sourceTree = "<group>";
		};
		303A897D1D8505E2002D8B07 /* LaunchScreen.storyboard */ = {
			isa = PBXVariantGroup;
			children = (
				303A897E1D8505E2002D8B07 /* Base */,
			);
			name = LaunchScreen.storyboard;
			sourceTree = "<group>";
		};
/* End PBXVariantGroup section */

/* Begin XCBuildConfiguration section */
		303A89971D8505E2002D8B07 /* Debug */ = {
			isa = XCBuildConfiguration;
			buildSettings = {
				ALWAYS_SEARCH_USER_PATHS = NO;
				CLANG_ANALYZER_NONNULL = YES;
				CLANG_CXX_LANGUAGE_STANDARD = "gnu++0x";
				CLANG_CXX_LIBRARY = "libc++";
				CLANG_ENABLE_MODULES = YES;
				CLANG_ENABLE_OBJC_ARC = YES;
				CLANG_WARN_BOOL_CONVERSION = YES;
				CLANG_WARN_CONSTANT_CONVERSION = YES;
				CLANG_WARN_DIRECT_OBJC_ISA_USAGE = YES_ERROR;
				CLANG_WARN_EMPTY_BODY = YES;
				CLANG_WARN_ENUM_CONVERSION = YES;
				CLANG_WARN_INT_CONVERSION = YES;
				CLANG_WARN_OBJC_ROOT_CLASS = YES_ERROR;
				CLANG_WARN_UNREACHABLE_CODE = YES;
				CLANG_WARN__DUPLICATE_METHOD_MATCH = YES;
				"CODE_SIGN_IDENTITY[sdk=iphoneos*]" = "iPhone Developer";
				COPY_PHASE_STRIP = NO;
				DEBUG_INFORMATION_FORMAT = dwarf;
				ENABLE_STRICT_OBJC_MSGSEND = YES;
				ENABLE_TESTABILITY = YES;
				GCC_C_LANGUAGE_STANDARD = gnu99;
				GCC_DYNAMIC_NO_PIC = NO;
				GCC_NO_COMMON_BLOCKS = YES;
				GCC_OPTIMIZATION_LEVEL = 0;
				GCC_PREPROCESSOR_DEFINITIONS = (
					"DEBUG=1",
					"$(inherited)",
				);
				GCC_WARN_64_TO_32_BIT_CONVERSION = YES;
				GCC_WARN_ABOUT_RETURN_TYPE = YES_ERROR;
				GCC_WARN_UNDECLARED_SELECTOR = YES;
				GCC_WARN_UNINITIALIZED_AUTOS = YES_AGGRESSIVE;
				GCC_WARN_UNUSED_FUNCTION = YES;
				GCC_WARN_UNUSED_VARIABLE = YES;
				IPHONEOS_DEPLOYMENT_TARGET = 9.3;
				MTL_ENABLE_DEBUG_INFO = YES;
				ONLY_ACTIVE_ARCH = YES;
				SDKROOT = iphoneos;
				TARGETED_DEVICE_FAMILY = "1,2";
			};
			name = Debug;
		};
		303A89981D8505E2002D8B07 /* Release */ = {
			isa = XCBuildConfiguration;
			buildSettings = {
				ALWAYS_SEARCH_USER_PATHS = NO;
				CLANG_ANALYZER_NONNULL = YES;
				CLANG_CXX_LANGUAGE_STANDARD = "gnu++0x";
				CLANG_CXX_LIBRARY = "libc++";
				CLANG_ENABLE_MODULES = YES;
				CLANG_ENABLE_OBJC_ARC = YES;
				CLANG_WARN_BOOL_CONVERSION = YES;
				CLANG_WARN_CONSTANT_CONVERSION = YES;
				CLANG_WARN_DIRECT_OBJC_ISA_USAGE = YES_ERROR;
				CLANG_WARN_EMPTY_BODY = YES;
				CLANG_WARN_ENUM_CONVERSION = YES;
				CLANG_WARN_INT_CONVERSION = YES;
				CLANG_WARN_OBJC_ROOT_CLASS = YES_ERROR;
				CLANG_WARN_UNREACHABLE_CODE = YES;
				CLANG_WARN__DUPLICATE_METHOD_MATCH = YES;
				"CODE_SIGN_IDENTITY[sdk=iphoneos*]" = "iPhone Developer";
				COPY_PHASE_STRIP = NO;
				DEBUG_INFORMATION_FORMAT = "dwarf-with-dsym";
				ENABLE_NS_ASSERTIONS = NO;
				ENABLE_STRICT_OBJC_MSGSEND = YES;
				GCC_C_LANGUAGE_STANDARD = gnu99;
				GCC_NO_COMMON_BLOCKS = YES;
				GCC_WARN_64_TO_32_BIT_CONVERSION = YES;
				GCC_WARN_ABOUT_RETURN_TYPE = YES_ERROR;
				GCC_WARN_UNDECLARED_SELECTOR = YES;
				GCC_WARN_UNINITIALIZED_AUTOS = YES_AGGRESSIVE;
				GCC_WARN_UNUSED_FUNCTION = YES;
				GCC_WARN_UNUSED_VARIABLE = YES;
				IPHONEOS_DEPLOYMENT_TARGET = 9.3;
				MTL_ENABLE_DEBUG_INFO = NO;
				SDKROOT = iphoneos;
				TARGETED_DEVICE_FAMILY = "1,2";
				VALIDATE_PRODUCT = YES;
			};
			name = Release;
		};
		303A899A1D8505E2002D8B07 /* Debug */ = {
			isa = XCBuildConfiguration;
			baseConfigurationReference = B9A2541DC155DCEB7440BA8A /* Pods.debug.xcconfig */;
			buildSettings = {
				ASSETCATALOG_COMPILER_APPICON_NAME = AppIcon;
				INFOPLIST_FILE = ReactiveCocoaReqeustDemo/Info.plist;
				LD_RUNPATH_SEARCH_PATHS = "$(inherited) @executable_path/Frameworks";
				PRODUCT_BUNDLE_IDENTIFIER = com.github.kopuCoder.ReactiveCocoaReqeustDemo;
				PRODUCT_NAME = "$(TARGET_NAME)";
			};
			name = Debug;
		};
		303A899B1D8505E2002D8B07 /* Release */ = {
			isa = XCBuildConfiguration;
			baseConfigurationReference = AD80636991F64E9E9FB3A6C7 /* Pods.release.xcconfig */;
			buildSettings = {
				ASSETCATALOG_COMPILER_APPICON_NAME = AppIcon;
				INFOPLIST_FILE = ReactiveCocoaReqeustDemo/Info.plist;
				LD_RUNPATH_SEARCH_PATHS = "$(inherited) @executable_path/Frameworks";
				PRODUCT_BUNDLE_IDENTIFIER = com.github.kopuCoder.ReactiveCocoaReqeustDemo;
				PRODUCT_NAME = "$(TARGET_NAME)";
			};
			name = Release;
		};
		303A899D1D8505E2002D8B07 /* Debug */ = {
			isa = XCBuildConfiguration;
			buildSettings = {
				BUNDLE_LOADER = "$(TEST_HOST)";
				INFOPLIST_FILE = ReactiveCocoaReqeustDemoTests/Info.plist;
				LD_RUNPATH_SEARCH_PATHS = "$(inherited) @executable_path/Frameworks @loader_path/Frameworks";
				PRODUCT_BUNDLE_IDENTIFIER = com.github.kopuCoder.ReactiveCocoaReqeustDemoTests;
				PRODUCT_NAME = "$(TARGET_NAME)";
				TEST_HOST = "$(BUILT_PRODUCTS_DIR)/ReactiveCocoaReqeustDemo.app/ReactiveCocoaReqeustDemo";
			};
			name = Debug;
		};
		303A899E1D8505E2002D8B07 /* Release */ = {
			isa = XCBuildConfiguration;
			buildSettings = {
				BUNDLE_LOADER = "$(TEST_HOST)";
				INFOPLIST_FILE = ReactiveCocoaReqeustDemoTests/Info.plist;
				LD_RUNPATH_SEARCH_PATHS = "$(inherited) @executable_path/Frameworks @loader_path/Frameworks";
				PRODUCT_BUNDLE_IDENTIFIER = com.github.kopuCoder.ReactiveCocoaReqeustDemoTests;
				PRODUCT_NAME = "$(TARGET_NAME)";
				TEST_HOST = "$(BUILT_PRODUCTS_DIR)/ReactiveCocoaReqeustDemo.app/ReactiveCocoaReqeustDemo";
			};
			name = Release;
		};
		303A89A01D8505E2002D8B07 /* Debug */ = {
			isa = XCBuildConfiguration;
			buildSettings = {
				INFOPLIST_FILE = ReactiveCocoaReqeustDemoUITests/Info.plist;
				LD_RUNPATH_SEARCH_PATHS = "$(inherited) @executable_path/Frameworks @loader_path/Frameworks";
				PRODUCT_BUNDLE_IDENTIFIER = com.github.kopuCoder.ReactiveCocoaReqeustDemoUITests;
				PRODUCT_NAME = "$(TARGET_NAME)";
				TEST_TARGET_NAME = ReactiveCocoaReqeustDemo;
			};
			name = Debug;
		};
		303A89A11D8505E2002D8B07 /* Release */ = {
			isa = XCBuildConfiguration;
			buildSettings = {
				INFOPLIST_FILE = ReactiveCocoaReqeustDemoUITests/Info.plist;
				LD_RUNPATH_SEARCH_PATHS = "$(inherited) @executable_path/Frameworks @loader_path/Frameworks";
				PRODUCT_BUNDLE_IDENTIFIER = com.github.kopuCoder.ReactiveCocoaReqeustDemoUITests;
				PRODUCT_NAME = "$(TARGET_NAME)";
				TEST_TARGET_NAME = ReactiveCocoaReqeustDemo;
			};
			name = Release;
		};
/* End XCBuildConfiguration section */

/* Begin XCConfigurationList section */
		303A89671D8505E2002D8B07 /* Build configuration list for PBXProject "ReactiveCocoaReqeustDemo" */ = {
			isa = XCConfigurationList;
			buildConfigurations = (
				303A89971D8505E2002D8B07 /* Debug */,
				303A89981D8505E2002D8B07 /* Release */,
			);
			defaultConfigurationIsVisible = 0;
			defaultConfigurationName = Release;
		};
		303A89991D8505E2002D8B07 /* Build configuration list for PBXNativeTarget "ReactiveCocoaReqeustDemo" */ = {
			isa = XCConfigurationList;
			buildConfigurations = (
				303A899A1D8505E2002D8B07 /* Debug */,
				303A899B1D8505E2002D8B07 /* Release */,
			);
			defaultConfigurationIsVisible = 0;
			defaultConfigurationName = Release;
		};
		303A899C1D8505E2002D8B07 /* Build configuration list for PBXNativeTarget "ReactiveCocoaReqeustDemoTests" */ = {
			isa = XCConfigurationList;
			buildConfigurations = (
				303A899D1D8505E2002D8B07 /* Debug */,
				303A899E1D8505E2002D8B07 /* Release */,
			);
			defaultConfigurationIsVisible = 0;
			defaultConfigurationName = Release;
		};
		303A899F1D8505E2002D8B07 /* Build configuration list for PBXNativeTarget "ReactiveCocoaReqeustDemoUITests" */ = {
			isa = XCConfigurationList;
			buildConfigurations = (
				303A89A01D8505E2002D8B07 /* Debug */,
				303A89A11D8505E2002D8B07 /* Release */,
			);
			defaultConfigurationIsVisible = 0;
			defaultConfigurationName = Release;
		};
/* End XCConfigurationList section */
	};
	rootObject = 303A89641D8505E2002D8B07 /* Project object */;
}
